
Microsoft Visual Studio Solution File, Format Version 12.00
# Visual Studio Version 17
VisualStudioVersion = 17.4.33110.190
MinimumVisualStudioVersion = 10.0.40219.1
Project("{2150E333-8FDC-42A3-9474-1A3956D46DE8}") = "Core", "Core", "{0904D1E6-1A01-40A6-B7D4-6877EBB11A77}"
EndProject
Project("{FAE04EC0-301F-11D3-BF4B-00C04F79EFBC}") = "ECommerceAPI.Domain", "Core\ECommerceAPI.Domain\ECommerceAPI.Domain.csproj", "{F43E2FC2-B28A-4D71-B079-D6902A9371AE}"
EndProject
Project("{FAE04EC0-301F-11D3-BF4B-00C04F79EFBC}") = "ECommerceAPI.Application", "Core\ECommerceAPI.Application\ECommerceAPI.Application.csproj", "{7C86BAF3-A895-4163-AF1D-F6809F410A58}"
EndProject
Project("{2150E333-8FDC-42A3-9474-1A3956D46DE8}") = "Infrastructure", "Infrastructure", "{DE28527A-9B1D-4389-B5CB-33D97DBEB661}"
EndProject
Project("{FAE04EC0-301F-11D3-BF4B-00C04F79EFBC}") = "ECommerceAPI.Infrastructure", "Infrastructure\ECommerceAPI.Infrastructure\ECommerceAPI.Infrastructure.csproj", "{D88A3017-FAFC-41B8-83EE-2DB3B63591E1}"
EndProject
Project("{FAE04EC0-301F-11D3-BF4B-00C04F79EFBC}") = "ECommerceAPI.Persistence", "Infrastructure\ECommerceAPI.Persistence\ECommerceAPI.Persistence.csproj", "{564204EC-9B04-48B1-83F5-70753798EA1E}"
EndProject
Project("{2150E333-8FDC-42A3-9474-1A3956D46DE8}") = "Presentation", "Presentation", "{03483458-F258-4537-8D51-134433E2691D}"
EndProject
Project("{FAE04EC0-301F-11D3-BF4B-00C04F79EFBC}") = "ECommerceAPI.API", "Presentation\ECommerceAPI.API\ECommerceAPI.API.csproj", "{5D61DBC2-4A47-46C9-976A-BBDBADA2BCA2}"
EndProject
Global
	GlobalSection(SolutionConfigurationPlatforms) = preSolution
		Debug|Any CPU = Debug|Any CPU
		Release|Any CPU = Release|Any CPU
	EndGlobalSection
	GlobalSection(ProjectConfigurationPlatforms) = postSolution
		{F43E2FC2-B28A-4D71-B079-D6902A9371AE}.Debug|Any CPU.ActiveCfg = Debug|Any CPU
		{F43E2FC2-B28A-4D71-B079-D6902A9371AE}.Debug|Any CPU.Build.0 = Debug|Any CPU
		{F43E2FC2-B28A-4D71-B079-D6902A9371AE}.Release|Any CPU.ActiveCfg = Release|Any CPU
		{F43E2FC2-B28A-4D71-B079-D6902A9371AE}.Release|Any CPU.Build.0 = Release|Any CPU
		{7C86BAF3-A895-4163-AF1D-F6809F410A58}.Debug|Any CPU.ActiveCfg = Debug|Any CPU
		{7C86BAF3-A895-4163-AF1D-F6809F410A58}.Debug|Any CPU.Build.0 = Debug|Any CPU
		{7C86BAF3-A895-4163-AF1D-F6809F410A58}.Release|Any CPU.ActiveCfg = Release|Any CPU
		{7C86BAF3-A895-4163-AF1D-F6809F410A58}.Release|Any CPU.Build.0 = Release|Any CPU
		{D88A3017-FAFC-41B8-83EE-2DB3B63591E1}.Debug|Any CPU.ActiveCfg = Debug|Any CPU
		{D88A3017-FAFC-41B8-83EE-2DB3B63591E1}.Debug|Any CPU.Build.0 = Debug|Any CPU
		{D88A3017-FAFC-41B8-83EE-2DB3B63591E1}.Release|Any CPU.ActiveCfg = Release|Any CPU
		{D88A3017-FAFC-41B8-83EE-2DB3B63591E1}.Release|Any CPU.Build.0 = Release|Any CPU
		{564204EC-9B04-48B1-83F5-70753798EA1E}.Debug|Any CPU.ActiveCfg = Debug|Any CPU
		{564204EC-9B04-48B1-83F5-70753798EA1E}.Debug|Any CPU.Build.0 = Debug|Any CPU
		{564204EC-9B04-48B1-83F5-70753798EA1E}.Release|Any CPU.ActiveCfg = Release|Any CPU
		{564204EC-9B04-48B1-83F5-70753798EA1E}.Release|Any CPU.Build.0 = Release|Any CPU
		{5D61DBC2-4A47-46C9-976A-BBDBADA2BCA2}.Debug|Any CPU.ActiveCfg = Debug|Any CPU
		{5D61DBC2-4A47-46C9-976A-BBDBADA2BCA2}.Debug|Any CPU.Build.0 = Debug|Any CPU
		{5D61DBC2-4A47-46C9-976A-BBDBADA2BCA2}.Release|Any CPU.ActiveCfg = Release|Any CPU
		{5D61DBC2-4A47-46C9-976A-BBDBADA2BCA2}.Release|Any CPU.Build.0 = Release|Any CPU
	EndGlobalSection
	GlobalSection(SolutionProperties) = preSolution
		HideSolutionNode = FALSE
	EndGlobalSection
	GlobalSection(NestedProjects) = preSolution
		{F43E2FC2-B28A-4D71-B079-D6902A9371AE} = {0904D1E6-1A01-40A6-B7D4-6877EBB11A77}
		{7C86BAF3-A895-4163-AF1D-F6809F410A58} = {0904D1E6-1A01-40A6-B7D4-6877EBB11A77}
		{D88A3017-FAFC-41B8-83EE-2DB3B63591E1} = {DE28527A-9B1D-4389-B5CB-33D97DBEB661}
		{564204EC-9B04-48B1-83F5-70753798EA1E} = {DE28527A-9B1D-4389-B5CB-33D97DBEB661}
		{5D61DBC2-4A47-46C9-976A-BBDBADA2BCA2} = {03483458-F258-4537-8D51-134433E2691D}
	EndGlobalSection
	GlobalSection(ExtensibilityGlobals) = postSolution
		SolutionGuid = {03ED11AD-5EBD-482C-9314-D678C0E8B5A6}
	EndGlobalSection
EndGlobal
